
Microsoft Visual Studio Solution File, Format Version 12.00
# Visual Studio 15
VisualStudioVersion = 15.0.28307.136
MinimumVisualStudioVersion = 10.0.40219.1
Project("{FAE04EC0-301F-11D3-BF4B-00C04F79EFBC}") = "Web API Project", "Web API Project\Web API Project.csproj", "{C104B922-3B3F-4E90-92FF-277DDCEF2190}"
EndProject
Global
	GlobalSection(SolutionConfigurationPlatforms) = preSolution
		Debug|Any CPU = Debug|Any CPU
		Release|Any CPU = Release|Any CPU
	EndGlobalSection
	GlobalSection(ProjectConfigurationPlatforms) = postSolution
		{C104B922-3B3F-4E90-92FF-277DDCEF2190}.Debug|Any CPU.ActiveCfg = Debug|Any CPU
		{C104B922-3B3F-4E90-92FF-277DDCEF2190}.Debug|Any CPU.Build.0 = Debug|Any CPU
		{C104B922-3B3F-4E90-92FF-277DDCEF2190}.Release|Any CPU.ActiveCfg = Release|Any CPU
		{C104B922-3B3F-4E90-92FF-277DDCEF2190}.Release|Any CPU.Build.0 = Release|Any CPU
	EndGlobalSection
	GlobalSection(SolutionProperties) = preSolution
		HideSolutionNode = FALSE
	EndGlobalSection
	GlobalSection(ExtensibilityGlobals) = postSolution
		SolutionGuid = {A838F4E2-63C4-4E0D-BB8B-C1C2AA80CBA0}
	EndGlobalSection
EndGlobal
